
Microsoft Visual Studio Solution File, Format Version 12.00
# Visual Studio Version 16
VisualStudioVersion = 16.0.32126.315
MinimumVisualStudioVersion = 10.0.40219.1
Project("{8BC9CEB8-8B4A-11D0-8D11-00A0C91BC942}") = "Lab02", "Lab02\Lab02.vcxproj", "{4EE6FC11-2CC9-435D-A2BA-6BAC1430A8FE}"
EndProject
Global
	GlobalSection(SolutionConfigurationPlatforms) = preSolution
		Debug|x64 = Debug|x64
		Debug|x86 = Debug|x86
		Release|x64 = Release|x64
		Release|x86 = Release|x86
	EndGlobalSection
	GlobalSection(ProjectConfigurationPlatforms) = postSolution
		{4EE6FC11-2CC9-435D-A2BA-6BAC1430A8FE}.Debug|x64.ActiveCfg = Debug|x64
		{4EE6FC11-2CC9-435D-A2BA-6BAC1430A8FE}.Debug|x64.Build.0 = Debug|x64
		{4EE6FC11-2CC9-435D-A2BA-6BAC1430A8FE}.Debug|x86.ActiveCfg = Debug|Win32
		{4EE6FC11-2CC9-435D-A2BA-6BAC1430A8FE}.Debug|x86.Build.0 = Debug|Win32
		{4EE6FC11-2CC9-435D-A2BA-6BAC1430A8FE}.Release|x64.ActiveCfg = Release|x64
		{4EE6FC11-2CC9-435D-A2BA-6BAC1430A8FE}.Release|x64.Build.0 = Release|x64
		{4EE6FC11-2CC9-435D-A2BA-6BAC1430A8FE}.Release|x86.ActiveCfg = Release|Win32
		{4EE6FC11-2CC9-435D-A2BA-6BAC1430A8FE}.Release|x86.Build.0 = Release|Win32
	EndGlobalSection
	GlobalSection(SolutionProperties) = preSolution
		HideSolutionNode = FALSE
	EndGlobalSection
	GlobalSection(ExtensibilityGlobals) = postSolution
		SolutionGuid = {4F8954E6-5C68-447D-8232-70E1B9F87A82}
	EndGlobalSection
EndGlobal
