
Microsoft Visual Studio Solution File, Format Version 12.00
# Visual Studio Version 16
VisualStudioVersion = 16.0.31829.152
MinimumVisualStudioVersion = 10.0.40219.1
Project("{8BC9CEB8-8B4A-11D0-8D11-00A0C91BC942}") = "Lab01", "Lab01\Lab01.vcxproj", "{AF633F82-387C-47EE-A3EC-8CF0ED361EA8}"
EndProject
Global
	GlobalSection(SolutionConfigurationPlatforms) = preSolution
		Debug|x64 = Debug|x64
		Debug|x86 = Debug|x86
		Release|x64 = Release|x64
		Release|x86 = Release|x86
	EndGlobalSection
	GlobalSection(ProjectConfigurationPlatforms) = postSolution
		{AF633F82-387C-47EE-A3EC-8CF0ED361EA8}.Debug|x64.ActiveCfg = Debug|x64
		{AF633F82-387C-47EE-A3EC-8CF0ED361EA8}.Debug|x64.Build.0 = Debug|x64
		{AF633F82-387C-47EE-A3EC-8CF0ED361EA8}.Debug|x86.ActiveCfg = Debug|Win32
		{AF633F82-387C-47EE-A3EC-8CF0ED361EA8}.Debug|x86.Build.0 = Debug|Win32
		{AF633F82-387C-47EE-A3EC-8CF0ED361EA8}.Release|x64.ActiveCfg = Release|x64
		{AF633F82-387C-47EE-A3EC-8CF0ED361EA8}.Release|x64.Build.0 = Release|x64
		{AF633F82-387C-47EE-A3EC-8CF0ED361EA8}.Release|x86.ActiveCfg = Release|Win32
		{AF633F82-387C-47EE-A3EC-8CF0ED361EA8}.Release|x86.Build.0 = Release|Win32
	EndGlobalSection
	GlobalSection(SolutionProperties) = preSolution
		HideSolutionNode = FALSE
	EndGlobalSection
	GlobalSection(ExtensibilityGlobals) = postSolution
		SolutionGuid = {9694C4E9-BA63-4ECF-9CE8-72FBDFAC2018}
	EndGlobalSection
EndGlobal
